
Microsoft Visual Studio Solution File, Format Version 12.00
# Visual Studio Version 17
VisualStudioVersion = 17.0.31903.59
MinimumVisualStudioVersion = 10.0.40219.1
Project("{FAE04EC0-301F-11D3-BF4B-00C04F79EFBC}") = "SportsStore", "SportsStore\SportsStore.csproj", "{1F0927C2-7CC9-46F8-8061-B4D497795BD2}"
EndProject
Project("{FAE04EC0-301F-11D3-BF4B-00C04F79EFBC}") = "SportsStore.Tests", "SportsStore.Tests\SportsStore.Tests.csproj", "{FBD5A0E9-4E6E-4D2F-BEE2-79206AFB46B5}"
EndProject
Global
	GlobalSection(SolutionConfigurationPlatforms) = preSolution
		Debug|Any CPU = Debug|Any CPU
		Debug|x64 = Debug|x64
		Debug|x86 = Debug|x86
		Release|Any CPU = Release|Any CPU
		Release|x64 = Release|x64
		Release|x86 = Release|x86
	EndGlobalSection
	GlobalSection(ProjectConfigurationPlatforms) = postSolution
		{1F0927C2-7CC9-46F8-8061-B4D497795BD2}.Debug|Any CPU.ActiveCfg = Debug|Any CPU
		{1F0927C2-7CC9-46F8-8061-B4D497795BD2}.Debug|Any CPU.Build.0 = Debug|Any CPU
		{1F0927C2-7CC9-46F8-8061-B4D497795BD2}.Debug|x64.ActiveCfg = Debug|Any CPU
		{1F0927C2-7CC9-46F8-8061-B4D497795BD2}.Debug|x64.Build.0 = Debug|Any CPU
		{1F0927C2-7CC9-46F8-8061-B4D497795BD2}.Debug|x86.ActiveCfg = Debug|Any CPU
		{1F0927C2-7CC9-46F8-8061-B4D497795BD2}.Debug|x86.Build.0 = Debug|Any CPU
		{1F0927C2-7CC9-46F8-8061-B4D497795BD2}.Release|Any CPU.ActiveCfg = Release|Any CPU
		{1F0927C2-7CC9-46F8-8061-B4D497795BD2}.Release|Any CPU.Build.0 = Release|Any CPU
		{1F0927C2-7CC9-46F8-8061-B4D497795BD2}.Release|x64.ActiveCfg = Release|Any CPU
		{1F0927C2-7CC9-46F8-8061-B4D497795BD2}.Release|x64.Build.0 = Release|Any CPU
		{1F0927C2-7CC9-46F8-8061-B4D497795BD2}.Release|x86.ActiveCfg = Release|Any CPU
		{1F0927C2-7CC9-46F8-8061-B4D497795BD2}.Release|x86.Build.0 = Release|Any CPU
		{FBD5A0E9-4E6E-4D2F-BEE2-79206AFB46B5}.Debug|Any CPU.ActiveCfg = Debug|Any CPU
		{FBD5A0E9-4E6E-4D2F-BEE2-79206AFB46B5}.Debug|Any CPU.Build.0 = Debug|Any CPU
		{FBD5A0E9-4E6E-4D2F-BEE2-79206AFB46B5}.Debug|x64.ActiveCfg = Debug|Any CPU
		{FBD5A0E9-4E6E-4D2F-BEE2-79206AFB46B5}.Debug|x64.Build.0 = Debug|Any CPU
		{FBD5A0E9-4E6E-4D2F-BEE2-79206AFB46B5}.Debug|x86.ActiveCfg = Debug|Any CPU
		{FBD5A0E9-4E6E-4D2F-BEE2-79206AFB46B5}.Debug|x86.Build.0 = Debug|Any CPU
		{FBD5A0E9-4E6E-4D2F-BEE2-79206AFB46B5}.Release|Any CPU.ActiveCfg = Release|Any CPU
		{FBD5A0E9-4E6E-4D2F-BEE2-79206AFB46B5}.Release|Any CPU.Build.0 = Release|Any CPU
		{FBD5A0E9-4E6E-4D2F-BEE2-79206AFB46B5}.Release|x64.ActiveCfg = Release|Any CPU
		{FBD5A0E9-4E6E-4D2F-BEE2-79206AFB46B5}.Release|x64.Build.0 = Release|Any CPU
		{FBD5A0E9-4E6E-4D2F-BEE2-79206AFB46B5}.Release|x86.ActiveCfg = Release|Any CPU
		{FBD5A0E9-4E6E-4D2F-BEE2-79206AFB46B5}.Release|x86.Build.0 = Release|Any CPU
	EndGlobalSection
	GlobalSection(SolutionProperties) = preSolution
		HideSolutionNode = FALSE
	EndGlobalSection
	GlobalSection(ExtensibilityGlobals) = postSolution
		SolutionGuid = {50935BD5-344E-49E8-BF31-94CA9D534178}
	EndGlobalSection
EndGlobal
