
Microsoft Visual Studio Solution File, Format Version 12.00
# Visual Studio Version 17
VisualStudioVersion = 17.14.36511.14 d17.14
MinimumVisualStudioVersion = 10.0.40219.1
Project("{FAE04EC0-301F-11D3-BF4B-00C04F79EFBC}") = "duck", "duck.csproj", "{170F85A5-3168-4C79-8DB8-8EFC04D0C1CD}"
EndProject
Global
	GlobalSection(SolutionConfigurationPlatforms) = preSolution
		Debug|Any CPU = Debug|Any CPU
		Release|Any CPU = Release|Any CPU
	EndGlobalSection
	GlobalSection(ProjectConfigurationPlatforms) = postSolution
		{170F85A5-3168-4C79-8DB8-8EFC04D0C1CD}.Debug|Any CPU.ActiveCfg = Debug|Any CPU
		{170F85A5-3168-4C79-8DB8-8EFC04D0C1CD}.Debug|Any CPU.Build.0 = Debug|Any CPU
		{170F85A5-3168-4C79-8DB8-8EFC04D0C1CD}.Release|Any CPU.ActiveCfg = Release|Any CPU
		{170F85A5-3168-4C79-8DB8-8EFC04D0C1CD}.Release|Any CPU.Build.0 = Release|Any CPU
	EndGlobalSection
	GlobalSection(SolutionProperties) = preSolution
		HideSolutionNode = FALSE
	EndGlobalSection
	GlobalSection(ExtensibilityGlobals) = postSolution
		SolutionGuid = {0CD2A252-1691-4591-BB4B-EC83F4A03C5A}
	EndGlobalSection
EndGlobal
