
Microsoft Visual Studio Solution File, Format Version 12.00
# Visual Studio Version 17
VisualStudioVersion = 17.14.36511.14 d17.14
MinimumVisualStudioVersion = 10.0.40219.1
Project("{FAE04EC0-301F-11D3-BF4B-00C04F79EFBC}") = "FirstProject", "FirstProject.csproj", "{1D9185DC-399D-4235-A4FF-6744A7B89E82}"
EndProject
Global
	GlobalSection(SolutionConfigurationPlatforms) = preSolution
		Debug|Any CPU = Debug|Any CPU
		Release|Any CPU = Release|Any CPU
	EndGlobalSection
	GlobalSection(ProjectConfigurationPlatforms) = postSolution
		{1D9185DC-399D-4235-A4FF-6744A7B89E82}.Debug|Any CPU.ActiveCfg = Debug|Any CPU
		{1D9185DC-399D-4235-A4FF-6744A7B89E82}.Debug|Any CPU.Build.0 = Debug|Any CPU
		{1D9185DC-399D-4235-A4FF-6744A7B89E82}.Release|Any CPU.ActiveCfg = Release|Any CPU
		{1D9185DC-399D-4235-A4FF-6744A7B89E82}.Release|Any CPU.Build.0 = Release|Any CPU
	EndGlobalSection
	GlobalSection(SolutionProperties) = preSolution
		HideSolutionNode = FALSE
	EndGlobalSection
	GlobalSection(ExtensibilityGlobals) = postSolution
		SolutionGuid = {73D569FE-4A36-480D-9265-C78F2F2BC518}
	EndGlobalSection
EndGlobal
